
Microsoft Visual Studio Solution File, Format Version 12.00
# Visual Studio Version 16
VisualStudioVersion = 16.0.32929.386
MinimumVisualStudioVersion = 10.0.40219.1
Project("{2150E333-8FDC-42A3-9474-1A3956D46DE8}") = "Task0", "Task0", "{0866C869-FC05-459A-8200-E80F3F55FC61}"
EndProject
Project("{FAE04EC0-301F-11D3-BF4B-00C04F79EFBC}") = "Tyuiu.NosovaVD.Sprint6.Task0.V21.Lib", "Tyuiu.NosovaVD.Sprint6.Task0.V21.Lib\Tyuiu.NosovaVD.Sprint6.Task0.V21.Lib.csproj", "{CE0D6F75-3098-46DA-AF60-7DC77AC4A4F9}"
EndProject
Project("{FAE04EC0-301F-11D3-BF4B-00C04F79EFBC}") = "Tyuiu.NosovaVD.Sprint6.Task0.V21.Test", "Tyuiu.NosovaVD.Sprint6.Task0.V21.Test\Tyuiu.NosovaVD.Sprint6.Task0.V21.Test.csproj", "{580CC894-AF15-496D-B297-5458B90A522B}"
EndProject
Project("{FAE04EC0-301F-11D3-BF4B-00C04F79EFBC}") = "Tyuiu.NosovaVD.Sprint6.Task0.V21", "Tyuiu.NosovaVD.Sprint6.Task0.V21\Tyuiu.NosovaVD.Sprint6.Task0.V21.csproj", "{563C516E-44A5-4E5E-9991-00F7C9A0F93E}"
EndProject
Project("{2150E333-8FDC-42A3-9474-1A3956D46DE8}") = "Task1", "Task1", "{B805F216-08A4-42C2-8250-3D2919997EE6}"
EndProject
Project("{FAE04EC0-301F-11D3-BF4B-00C04F79EFBC}") = "Tyuiu.NosovaVD.Sprint6.Task1.V18.Lib", "Tyuiu.NosovaVD.Sprint6.Task1.V18.Lib\Tyuiu.NosovaVD.Sprint6.Task1.V18.Lib.csproj", "{E1EC782E-2699-4C50-AC60-E0B1AD96EE0F}"
EndProject
Project("{FAE04EC0-301F-11D3-BF4B-00C04F79EFBC}") = "Tyuiu.NosovaVD.Sprint6.Task1.V18.Test", "Tyuiu.NosovaVD.Sprint6.Task1.V18.Test\Tyuiu.NosovaVD.Sprint6.Task1.V18.Test.csproj", "{0A812405-8310-4559-8E9A-357DD60B5C9D}"
EndProject
Project("{FAE04EC0-301F-11D3-BF4B-00C04F79EFBC}") = "Tyuiu.NosovaVD.Sprint6.Task1.V18", "Tyuiu.NosovaVD.Sprint6.Task1.V18\Tyuiu.NosovaVD.Sprint6.Task1.V18.csproj", "{DB489F02-CFC2-4916-BA05-FA09A9BD3858}"
EndProject
Global
	GlobalSection(SolutionConfigurationPlatforms) = preSolution
		Debug|Any CPU = Debug|Any CPU
		Release|Any CPU = Release|Any CPU
	EndGlobalSection
	GlobalSection(ProjectConfigurationPlatforms) = postSolution
		{CE0D6F75-3098-46DA-AF60-7DC77AC4A4F9}.Debug|Any CPU.ActiveCfg = Debug|Any CPU
		{CE0D6F75-3098-46DA-AF60-7DC77AC4A4F9}.Debug|Any CPU.Build.0 = Debug|Any CPU
		{CE0D6F75-3098-46DA-AF60-7DC77AC4A4F9}.Release|Any CPU.ActiveCfg = Release|Any CPU
		{CE0D6F75-3098-46DA-AF60-7DC77AC4A4F9}.Release|Any CPU.Build.0 = Release|Any CPU
		{580CC894-AF15-496D-B297-5458B90A522B}.Debug|Any CPU.ActiveCfg = Debug|Any CPU
		{580CC894-AF15-496D-B297-5458B90A522B}.Debug|Any CPU.Build.0 = Debug|Any CPU
		{580CC894-AF15-496D-B297-5458B90A522B}.Release|Any CPU.ActiveCfg = Release|Any CPU
		{580CC894-AF15-496D-B297-5458B90A522B}.Release|Any CPU.Build.0 = Release|Any CPU
		{563C516E-44A5-4E5E-9991-00F7C9A0F93E}.Debug|Any CPU.ActiveCfg = Debug|Any CPU
		{563C516E-44A5-4E5E-9991-00F7C9A0F93E}.Debug|Any CPU.Build.0 = Debug|Any CPU
		{563C516E-44A5-4E5E-9991-00F7C9A0F93E}.Release|Any CPU.ActiveCfg = Release|Any CPU
		{563C516E-44A5-4E5E-9991-00F7C9A0F93E}.Release|Any CPU.Build.0 = Release|Any CPU
		{E1EC782E-2699-4C50-AC60-E0B1AD96EE0F}.Debug|Any CPU.ActiveCfg = Debug|Any CPU
		{E1EC782E-2699-4C50-AC60-E0B1AD96EE0F}.Debug|Any CPU.Build.0 = Debug|Any CPU
		{E1EC782E-2699-4C50-AC60-E0B1AD96EE0F}.Release|Any CPU.ActiveCfg = Release|Any CPU
		{E1EC782E-2699-4C50-AC60-E0B1AD96EE0F}.Release|Any CPU.Build.0 = Release|Any CPU
		{0A812405-8310-4559-8E9A-357DD60B5C9D}.Debug|Any CPU.ActiveCfg = Debug|Any CPU
		{0A812405-8310-4559-8E9A-357DD60B5C9D}.Debug|Any CPU.Build.0 = Debug|Any CPU
		{0A812405-8310-4559-8E9A-357DD60B5C9D}.Release|Any CPU.ActiveCfg = Release|Any CPU
		{0A812405-8310-4559-8E9A-357DD60B5C9D}.Release|Any CPU.Build.0 = Release|Any CPU
		{DB489F02-CFC2-4916-BA05-FA09A9BD3858}.Debug|Any CPU.ActiveCfg = Debug|Any CPU
		{DB489F02-CFC2-4916-BA05-FA09A9BD3858}.Debug|Any CPU.Build.0 = Debug|Any CPU
		{DB489F02-CFC2-4916-BA05-FA09A9BD3858}.Release|Any CPU.ActiveCfg = Release|Any CPU
		{DB489F02-CFC2-4916-BA05-FA09A9BD3858}.Release|Any CPU.Build.0 = Release|Any CPU
	EndGlobalSection
	GlobalSection(SolutionProperties) = preSolution
		HideSolutionNode = FALSE
	EndGlobalSection
	GlobalSection(NestedProjects) = preSolution
		{CE0D6F75-3098-46DA-AF60-7DC77AC4A4F9} = {0866C869-FC05-459A-8200-E80F3F55FC61}
		{580CC894-AF15-496D-B297-5458B90A522B} = {0866C869-FC05-459A-8200-E80F3F55FC61}
		{563C516E-44A5-4E5E-9991-00F7C9A0F93E} = {0866C869-FC05-459A-8200-E80F3F55FC61}
		{E1EC782E-2699-4C50-AC60-E0B1AD96EE0F} = {B805F216-08A4-42C2-8250-3D2919997EE6}
		{0A812405-8310-4559-8E9A-357DD60B5C9D} = {B805F216-08A4-42C2-8250-3D2919997EE6}
		{DB489F02-CFC2-4916-BA05-FA09A9BD3858} = {B805F216-08A4-42C2-8250-3D2919997EE6}
	EndGlobalSection
	GlobalSection(ExtensibilityGlobals) = postSolution
		SolutionGuid = {A43869C9-86B8-458C-9FE5-82CD0FA8303B}
	EndGlobalSection
EndGlobal
