
Microsoft Visual Studio Solution File, Format Version 12.00
# Visual Studio Version 16
VisualStudioVersion = 16.0.32929.386
MinimumVisualStudioVersion = 10.0.40219.1
Project("{2150E333-8FDC-42A3-9474-1A3956D46DE8}") = "Task0", "Task0", "{0866C869-FC05-459A-8200-E80F3F55FC61}"
EndProject
Project("{FAE04EC0-301F-11D3-BF4B-00C04F79EFBC}") = "Tyuiu.NosovaVD.Sprint6.Task0.V21.Lib", "Tyuiu.NosovaVD.Sprint6.Task0.V21.Lib\Tyuiu.NosovaVD.Sprint6.Task0.V21.Lib.csproj", "{CE0D6F75-3098-46DA-AF60-7DC77AC4A4F9}"
EndProject
Project("{FAE04EC0-301F-11D3-BF4B-00C04F79EFBC}") = "Tyuiu.NosovaVD.Sprint6.Task0.V21.Test", "Tyuiu.NosovaVD.Sprint6.Task0.V21.Test\Tyuiu.NosovaVD.Sprint6.Task0.V21.Test.csproj", "{580CC894-AF15-496D-B297-5458B90A522B}"
EndProject
Project("{FAE04EC0-301F-11D3-BF4B-00C04F79EFBC}") = "Tyuiu.NosovaVD.Sprint6.Task0.V21", "Tyuiu.NosovaVD.Sprint6.Task0.V21\Tyuiu.NosovaVD.Sprint6.Task0.V21.csproj", "{563C516E-44A5-4E5E-9991-00F7C9A0F93E}"
EndProject
Project("{2150E333-8FDC-42A3-9474-1A3956D46DE8}") = "Task1", "Task1", "{B805F216-08A4-42C2-8250-3D2919997EE6}"
EndProject
Project("{FAE04EC0-301F-11D3-BF4B-00C04F79EFBC}") = "Tyuiu.NosovaVD.Sprint6.Task1.V18.Lib", "Tyuiu.NosovaVD.Sprint6.Task1.V18.Lib\Tyuiu.NosovaVD.Sprint6.Task1.V18.Lib.csproj", "{E1EC782E-2699-4C50-AC60-E0B1AD96EE0F}"
EndProject
Project("{FAE04EC0-301F-11D3-BF4B-00C04F79EFBC}") = "Tyuiu.NosovaVD.Sprint6.Task1.V18.Test", "Tyuiu.NosovaVD.Sprint6.Task1.V18.Test\Tyuiu.NosovaVD.Sprint6.Task1.V18.Test.csproj", "{0A812405-8310-4559-8E9A-357DD60B5C9D}"
EndProject
Project("{FAE04EC0-301F-11D3-BF4B-00C04F79EFBC}") = "Tyuiu.NosovaVD.Sprint6.Task1.V18", "Tyuiu.NosovaVD.Sprint6.Task1.V18\Tyuiu.NosovaVD.Sprint6.Task1.V18.csproj", "{DB489F02-CFC2-4916-BA05-FA09A9BD3858}"
EndProject
Project("{2150E333-8FDC-42A3-9474-1A3956D46DE8}") = "Task2", "Task2", "{F90C6775-5D08-49A8-BEB5-E43ED28F88D7}"
EndProject
Project("{FAE04EC0-301F-11D3-BF4B-00C04F79EFBC}") = "Tyuiu.NosovaVD.Sprint6.Task2.V23", "Tyuiu.NosovaVD.Sprint6.Task2.V23\Tyuiu.NosovaVD.Sprint6.Task2.V23.csproj", "{FADF591E-5D48-425E-BAD5-CFFB2211E0E1}"
EndProject
Project("{FAE04EC0-301F-11D3-BF4B-00C04F79EFBC}") = "Tyuiu.NosovaVD.Sprint6.Task2.V23.Lib", "Tyuiu.NosovaVD.Sprint6.Task2.V23.Lib\Tyuiu.NosovaVD.Sprint6.Task2.V23.Lib.csproj", "{1131B30C-04B6-49E8-B179-80BEE7F7D098}"
EndProject
Project("{FAE04EC0-301F-11D3-BF4B-00C04F79EFBC}") = "Tyuiu.NosovaVD.Sprint6.Task2.V23.Test", "Tyuiu.NosovaVD.Sprint6.Task2.V23.Test\Tyuiu.NosovaVD.Sprint6.Task2.V23.Test.csproj", "{50A17948-A4D8-4FC6-A6CD-576F43A1C981}"
EndProject
Project("{2150E333-8FDC-42A3-9474-1A3956D46DE8}") = "Task3", "Task3", "{A2186CA9-2515-466F-B7ED-791B737A30F0}"
EndProject
Project("{FAE04EC0-301F-11D3-BF4B-00C04F79EFBC}") = "Tyuiu.NosovaVD.Sprint6.Task3.V26", "Tyuiu.NosovaVD.Sprint6.Task3.V26\Tyuiu.NosovaVD.Sprint6.Task3.V26.csproj", "{B8CC5474-6EA7-4FFF-A442-C6A09960F10A}"
EndProject
Project("{FAE04EC0-301F-11D3-BF4B-00C04F79EFBC}") = "Tyuiu.NosovaVD.Sprint6.Task3.V26.Lib", "Tyuiu.NosovaVD.Sprint6.Task3.V26.Lib\Tyuiu.NosovaVD.Sprint6.Task3.V26.Lib.csproj", "{DA0900CF-35A2-4CBF-A35B-C4523D31EC0F}"
EndProject
Project("{FAE04EC0-301F-11D3-BF4B-00C04F79EFBC}") = "Tyuiu.NosovaVD.Sprint6.Task3.V26.Test", "Tyuiu.NosovaVD.Sprint6.Task3.V26.Test\Tyuiu.NosovaVD.Sprint6.Task3.V26.Test.csproj", "{5AAB16A6-A5F2-490B-A1F2-F2D5E8F25BD3}"
EndProject
Project("{2150E333-8FDC-42A3-9474-1A3956D46DE8}") = "Task4", "Task4", "{160169C4-AF0A-4A53-A0F6-B4A2E541D65F}"
EndProject
Project("{FAE04EC0-301F-11D3-BF4B-00C04F79EFBC}") = "Tyuiu.NosovaVD.Sprint6.Task4.V21", "Tyuiu.NosovaVD.Sprint6.Task4.V21\Tyuiu.NosovaVD.Sprint6.Task4.V21.csproj", "{7D0F3DF3-924E-433B-BD09-55BC4DF7E35A}"
EndProject
Project("{FAE04EC0-301F-11D3-BF4B-00C04F79EFBC}") = "Tyuiu.NosovaVD.Sprint6.Task4.V21.Lib", "Tyuiu.NosovaVD.Sprint6.Task4.V21.Lib\Tyuiu.NosovaVD.Sprint6.Task4.V21.Lib.csproj", "{2B86E18F-5A35-4967-BEE7-2FB6C157552C}"
EndProject
Project("{FAE04EC0-301F-11D3-BF4B-00C04F79EFBC}") = "Tyuiu.NosovaVD.Sprint6.Task4.V21.Test", "Tyuiu.NosovaVD.Sprint6.Task4.V21.Test\Tyuiu.NosovaVD.Sprint6.Task4.V21.Test.csproj", "{30EF192B-B08A-43D9-99F4-DAA9536D469D}"
EndProject
Project("{2150E333-8FDC-42A3-9474-1A3956D46DE8}") = "Task5", "Task5", "{8DCBD984-724E-4AD2-9CCB-32F87B65BFCA}"
EndProject
Project("{FAE04EC0-301F-11D3-BF4B-00C04F79EFBC}") = "Tyuiu.NosovaVD.Sprint6.Task5.V25", "Tyuiu.NosovaVD.Sprint6.Task5.V25\Tyuiu.NosovaVD.Sprint6.Task5.V25.csproj", "{12105256-91F6-42BE-A3AA-ABF3DABF4C4A}"
EndProject
Project("{FAE04EC0-301F-11D3-BF4B-00C04F79EFBC}") = "Tyuiu.NosovaVD.Sprint6.Task5.V25.Lib", "Tyuiu.NosovaVD.Sprint6.Task5.V25.Lib\Tyuiu.NosovaVD.Sprint6.Task5.V25.Lib.csproj", "{80479D60-009F-4A10-BCA9-9D36A56C7FEB}"
EndProject
Project("{FAE04EC0-301F-11D3-BF4B-00C04F79EFBC}") = "Tyuiu.NosovaVD.Sprint6.Task5.V25.Test", "Tyuiu.NosovaVD.Sprint6.Task5.V25.Test\Tyuiu.NosovaVD.Sprint6.Task5.V25.Test.csproj", "{B139F54E-3D76-4B21-84A6-EAC27593B9B0}"
EndProject
Project("{2150E333-8FDC-42A3-9474-1A3956D46DE8}") = "Task6", "Task6", "{1030E44A-0BD7-4819-8658-0B56E2A23BEA}"
EndProject
Project("{FAE04EC0-301F-11D3-BF4B-00C04F79EFBC}") = "Tyuiu.NosovaVD.Sprint6.Task6.V28", "Tyuiu.NosovaVD.Sprint6.Task6.V28\Tyuiu.NosovaVD.Sprint6.Task6.V28.csproj", "{DC2EAF8B-04DA-4A8E-81D7-BCB2C650F513}"
EndProject
Project("{FAE04EC0-301F-11D3-BF4B-00C04F79EFBC}") = "Tyuiu.NosovaVD.Sprint6.Task6.V28.Lib", "Tyuiu.NosovaVD.Sprint6.Task6.V28.Lib\Tyuiu.NosovaVD.Sprint6.Task6.V28.Lib.csproj", "{8F6E0F3E-6514-4625-84FF-038A9E128E16}"
EndProject
Project("{FAE04EC0-301F-11D3-BF4B-00C04F79EFBC}") = "Tyuiu.NosovaVD.Sprint6.Task6.V28.Test", "Tyuiu.NosovaVD.Sprint6.Task6.V28.Test\Tyuiu.NosovaVD.Sprint6.Task6.V28.Test.csproj", "{9B5A7726-3E87-4645-BF14-E6ABDA5A3106}"
EndProject
Project("{2150E333-8FDC-42A3-9474-1A3956D46DE8}") = "Task7", "Task7", "{41FB5285-E4F1-4989-B182-89B13F605EA2}"
EndProject
Project("{FAE04EC0-301F-11D3-BF4B-00C04F79EFBC}") = "Tyuiu.NosovaVD.Sprint6.Task7.V29", "Tyuiu.NosovaVD.Sprint6.Task7.V29\Tyuiu.NosovaVD.Sprint6.Task7.V29.csproj", "{70102564-FD24-4B83-B15B-B4FDFA74230B}"
EndProject
Project("{FAE04EC0-301F-11D3-BF4B-00C04F79EFBC}") = "Tyuiu.NosovaVD.Sprint6.Task7.V29.Lib", "Tyuiu.NosovaVD.Sprint6.Task7.V29.Lib\Tyuiu.NosovaVD.Sprint6.Task7.V29.Lib.csproj", "{84D1CCDA-3E49-4983-8E94-3C628205F907}"
EndProject
Project("{FAE04EC0-301F-11D3-BF4B-00C04F79EFBC}") = "Tyuiu.NosovaVD.Sprint6.Task7.V29.Test", "Tyuiu.NosovaVD.Sprint6.Task7.V29.Test\Tyuiu.NosovaVD.Sprint6.Task7.V29.Test.csproj", "{E55C5066-ADDC-41EC-B237-85E2FBD8B5D7}"
EndProject
Global
	GlobalSection(SolutionConfigurationPlatforms) = preSolution
		Debug|Any CPU = Debug|Any CPU
		Release|Any CPU = Release|Any CPU
	EndGlobalSection
	GlobalSection(ProjectConfigurationPlatforms) = postSolution
		{CE0D6F75-3098-46DA-AF60-7DC77AC4A4F9}.Debug|Any CPU.ActiveCfg = Debug|Any CPU
		{CE0D6F75-3098-46DA-AF60-7DC77AC4A4F9}.Debug|Any CPU.Build.0 = Debug|Any CPU
		{CE0D6F75-3098-46DA-AF60-7DC77AC4A4F9}.Release|Any CPU.ActiveCfg = Release|Any CPU
		{CE0D6F75-3098-46DA-AF60-7DC77AC4A4F9}.Release|Any CPU.Build.0 = Release|Any CPU
		{580CC894-AF15-496D-B297-5458B90A522B}.Debug|Any CPU.ActiveCfg = Debug|Any CPU
		{580CC894-AF15-496D-B297-5458B90A522B}.Debug|Any CPU.Build.0 = Debug|Any CPU
		{580CC894-AF15-496D-B297-5458B90A522B}.Release|Any CPU.ActiveCfg = Release|Any CPU
		{580CC894-AF15-496D-B297-5458B90A522B}.Release|Any CPU.Build.0 = Release|Any CPU
		{563C516E-44A5-4E5E-9991-00F7C9A0F93E}.Debug|Any CPU.ActiveCfg = Debug|Any CPU
		{563C516E-44A5-4E5E-9991-00F7C9A0F93E}.Debug|Any CPU.Build.0 = Debug|Any CPU
		{563C516E-44A5-4E5E-9991-00F7C9A0F93E}.Release|Any CPU.ActiveCfg = Release|Any CPU
		{563C516E-44A5-4E5E-9991-00F7C9A0F93E}.Release|Any CPU.Build.0 = Release|Any CPU
		{E1EC782E-2699-4C50-AC60-E0B1AD96EE0F}.Debug|Any CPU.ActiveCfg = Debug|Any CPU
		{E1EC782E-2699-4C50-AC60-E0B1AD96EE0F}.Debug|Any CPU.Build.0 = Debug|Any CPU
		{E1EC782E-2699-4C50-AC60-E0B1AD96EE0F}.Release|Any CPU.ActiveCfg = Release|Any CPU
		{E1EC782E-2699-4C50-AC60-E0B1AD96EE0F}.Release|Any CPU.Build.0 = Release|Any CPU
		{0A812405-8310-4559-8E9A-357DD60B5C9D}.Debug|Any CPU.ActiveCfg = Debug|Any CPU
		{0A812405-8310-4559-8E9A-357DD60B5C9D}.Debug|Any CPU.Build.0 = Debug|Any CPU
		{0A812405-8310-4559-8E9A-357DD60B5C9D}.Release|Any CPU.ActiveCfg = Release|Any CPU
		{0A812405-8310-4559-8E9A-357DD60B5C9D}.Release|Any CPU.Build.0 = Release|Any CPU
		{DB489F02-CFC2-4916-BA05-FA09A9BD3858}.Debug|Any CPU.ActiveCfg = Debug|Any CPU
		{DB489F02-CFC2-4916-BA05-FA09A9BD3858}.Debug|Any CPU.Build.0 = Debug|Any CPU
		{DB489F02-CFC2-4916-BA05-FA09A9BD3858}.Release|Any CPU.ActiveCfg = Release|Any CPU
		{DB489F02-CFC2-4916-BA05-FA09A9BD3858}.Release|Any CPU.Build.0 = Release|Any CPU
		{FADF591E-5D48-425E-BAD5-CFFB2211E0E1}.Debug|Any CPU.ActiveCfg = Debug|Any CPU
		{FADF591E-5D48-425E-BAD5-CFFB2211E0E1}.Debug|Any CPU.Build.0 = Debug|Any CPU
		{FADF591E-5D48-425E-BAD5-CFFB2211E0E1}.Release|Any CPU.ActiveCfg = Release|Any CPU
		{FADF591E-5D48-425E-BAD5-CFFB2211E0E1}.Release|Any CPU.Build.0 = Release|Any CPU
		{1131B30C-04B6-49E8-B179-80BEE7F7D098}.Debug|Any CPU.ActiveCfg = Debug|Any CPU
		{1131B30C-04B6-49E8-B179-80BEE7F7D098}.Debug|Any CPU.Build.0 = Debug|Any CPU
		{1131B30C-04B6-49E8-B179-80BEE7F7D098}.Release|Any CPU.ActiveCfg = Release|Any CPU
		{1131B30C-04B6-49E8-B179-80BEE7F7D098}.Release|Any CPU.Build.0 = Release|Any CPU
		{50A17948-A4D8-4FC6-A6CD-576F43A1C981}.Debug|Any CPU.ActiveCfg = Debug|Any CPU
		{50A17948-A4D8-4FC6-A6CD-576F43A1C981}.Debug|Any CPU.Build.0 = Debug|Any CPU
		{50A17948-A4D8-4FC6-A6CD-576F43A1C981}.Release|Any CPU.ActiveCfg = Release|Any CPU
		{50A17948-A4D8-4FC6-A6CD-576F43A1C981}.Release|Any CPU.Build.0 = Release|Any CPU
		{B8CC5474-6EA7-4FFF-A442-C6A09960F10A}.Debug|Any CPU.ActiveCfg = Debug|Any CPU
		{B8CC5474-6EA7-4FFF-A442-C6A09960F10A}.Debug|Any CPU.Build.0 = Debug|Any CPU
		{B8CC5474-6EA7-4FFF-A442-C6A09960F10A}.Release|Any CPU.ActiveCfg = Release|Any CPU
		{B8CC5474-6EA7-4FFF-A442-C6A09960F10A}.Release|Any CPU.Build.0 = Release|Any CPU
		{DA0900CF-35A2-4CBF-A35B-C4523D31EC0F}.Debug|Any CPU.ActiveCfg = Debug|Any CPU
		{DA0900CF-35A2-4CBF-A35B-C4523D31EC0F}.Debug|Any CPU.Build.0 = Debug|Any CPU
		{DA0900CF-35A2-4CBF-A35B-C4523D31EC0F}.Release|Any CPU.ActiveCfg = Release|Any CPU
		{DA0900CF-35A2-4CBF-A35B-C4523D31EC0F}.Release|Any CPU.Build.0 = Release|Any CPU
		{5AAB16A6-A5F2-490B-A1F2-F2D5E8F25BD3}.Debug|Any CPU.ActiveCfg = Debug|Any CPU
		{5AAB16A6-A5F2-490B-A1F2-F2D5E8F25BD3}.Debug|Any CPU.Build.0 = Debug|Any CPU
		{5AAB16A6-A5F2-490B-A1F2-F2D5E8F25BD3}.Release|Any CPU.ActiveCfg = Release|Any CPU
		{5AAB16A6-A5F2-490B-A1F2-F2D5E8F25BD3}.Release|Any CPU.Build.0 = Release|Any CPU
		{7D0F3DF3-924E-433B-BD09-55BC4DF7E35A}.Debug|Any CPU.ActiveCfg = Debug|Any CPU
		{7D0F3DF3-924E-433B-BD09-55BC4DF7E35A}.Debug|Any CPU.Build.0 = Debug|Any CPU
		{7D0F3DF3-924E-433B-BD09-55BC4DF7E35A}.Release|Any CPU.ActiveCfg = Release|Any CPU
		{7D0F3DF3-924E-433B-BD09-55BC4DF7E35A}.Release|Any CPU.Build.0 = Release|Any CPU
		{2B86E18F-5A35-4967-BEE7-2FB6C157552C}.Debug|Any CPU.ActiveCfg = Debug|Any CPU
		{2B86E18F-5A35-4967-BEE7-2FB6C157552C}.Debug|Any CPU.Build.0 = Debug|Any CPU
		{2B86E18F-5A35-4967-BEE7-2FB6C157552C}.Release|Any CPU.ActiveCfg = Release|Any CPU
		{2B86E18F-5A35-4967-BEE7-2FB6C157552C}.Release|Any CPU.Build.0 = Release|Any CPU
		{30EF192B-B08A-43D9-99F4-DAA9536D469D}.Debug|Any CPU.ActiveCfg = Debug|Any CPU
		{30EF192B-B08A-43D9-99F4-DAA9536D469D}.Debug|Any CPU.Build.0 = Debug|Any CPU
		{30EF192B-B08A-43D9-99F4-DAA9536D469D}.Release|Any CPU.ActiveCfg = Release|Any CPU
		{30EF192B-B08A-43D9-99F4-DAA9536D469D}.Release|Any CPU.Build.0 = Release|Any CPU
		{12105256-91F6-42BE-A3AA-ABF3DABF4C4A}.Debug|Any CPU.ActiveCfg = Debug|Any CPU
		{12105256-91F6-42BE-A3AA-ABF3DABF4C4A}.Debug|Any CPU.Build.0 = Debug|Any CPU
		{12105256-91F6-42BE-A3AA-ABF3DABF4C4A}.Release|Any CPU.ActiveCfg = Release|Any CPU
		{12105256-91F6-42BE-A3AA-ABF3DABF4C4A}.Release|Any CPU.Build.0 = Release|Any CPU
		{80479D60-009F-4A10-BCA9-9D36A56C7FEB}.Debug|Any CPU.ActiveCfg = Debug|Any CPU
		{80479D60-009F-4A10-BCA9-9D36A56C7FEB}.Debug|Any CPU.Build.0 = Debug|Any CPU
		{80479D60-009F-4A10-BCA9-9D36A56C7FEB}.Release|Any CPU.ActiveCfg = Release|Any CPU
		{80479D60-009F-4A10-BCA9-9D36A56C7FEB}.Release|Any CPU.Build.0 = Release|Any CPU
		{B139F54E-3D76-4B21-84A6-EAC27593B9B0}.Debug|Any CPU.ActiveCfg = Debug|Any CPU
		{B139F54E-3D76-4B21-84A6-EAC27593B9B0}.Debug|Any CPU.Build.0 = Debug|Any CPU
		{B139F54E-3D76-4B21-84A6-EAC27593B9B0}.Release|Any CPU.ActiveCfg = Release|Any CPU
		{B139F54E-3D76-4B21-84A6-EAC27593B9B0}.Release|Any CPU.Build.0 = Release|Any CPU
		{DC2EAF8B-04DA-4A8E-81D7-BCB2C650F513}.Debug|Any CPU.ActiveCfg = Debug|Any CPU
		{DC2EAF8B-04DA-4A8E-81D7-BCB2C650F513}.Debug|Any CPU.Build.0 = Debug|Any CPU
		{DC2EAF8B-04DA-4A8E-81D7-BCB2C650F513}.Release|Any CPU.ActiveCfg = Release|Any CPU
		{DC2EAF8B-04DA-4A8E-81D7-BCB2C650F513}.Release|Any CPU.Build.0 = Release|Any CPU
		{8F6E0F3E-6514-4625-84FF-038A9E128E16}.Debug|Any CPU.ActiveCfg = Debug|Any CPU
		{8F6E0F3E-6514-4625-84FF-038A9E128E16}.Debug|Any CPU.Build.0 = Debug|Any CPU
		{8F6E0F3E-6514-4625-84FF-038A9E128E16}.Release|Any CPU.ActiveCfg = Release|Any CPU
		{8F6E0F3E-6514-4625-84FF-038A9E128E16}.Release|Any CPU.Build.0 = Release|Any CPU
		{9B5A7726-3E87-4645-BF14-E6ABDA5A3106}.Debug|Any CPU.ActiveCfg = Debug|Any CPU
		{9B5A7726-3E87-4645-BF14-E6ABDA5A3106}.Debug|Any CPU.Build.0 = Debug|Any CPU
		{9B5A7726-3E87-4645-BF14-E6ABDA5A3106}.Release|Any CPU.ActiveCfg = Release|Any CPU
		{9B5A7726-3E87-4645-BF14-E6ABDA5A3106}.Release|Any CPU.Build.0 = Release|Any CPU
		{70102564-FD24-4B83-B15B-B4FDFA74230B}.Debug|Any CPU.ActiveCfg = Debug|Any CPU
		{70102564-FD24-4B83-B15B-B4FDFA74230B}.Debug|Any CPU.Build.0 = Debug|Any CPU
		{70102564-FD24-4B83-B15B-B4FDFA74230B}.Release|Any CPU.ActiveCfg = Release|Any CPU
		{70102564-FD24-4B83-B15B-B4FDFA74230B}.Release|Any CPU.Build.0 = Release|Any CPU
		{84D1CCDA-3E49-4983-8E94-3C628205F907}.Debug|Any CPU.ActiveCfg = Debug|Any CPU
		{84D1CCDA-3E49-4983-8E94-3C628205F907}.Debug|Any CPU.Build.0 = Debug|Any CPU
		{84D1CCDA-3E49-4983-8E94-3C628205F907}.Release|Any CPU.ActiveCfg = Release|Any CPU
		{84D1CCDA-3E49-4983-8E94-3C628205F907}.Release|Any CPU.Build.0 = Release|Any CPU
		{E55C5066-ADDC-41EC-B237-85E2FBD8B5D7}.Debug|Any CPU.ActiveCfg = Debug|Any CPU
		{E55C5066-ADDC-41EC-B237-85E2FBD8B5D7}.Debug|Any CPU.Build.0 = Debug|Any CPU
		{E55C5066-ADDC-41EC-B237-85E2FBD8B5D7}.Release|Any CPU.ActiveCfg = Release|Any CPU
		{E55C5066-ADDC-41EC-B237-85E2FBD8B5D7}.Release|Any CPU.Build.0 = Release|Any CPU
	EndGlobalSection
	GlobalSection(SolutionProperties) = preSolution
		HideSolutionNode = FALSE
	EndGlobalSection
	GlobalSection(NestedProjects) = preSolution
		{CE0D6F75-3098-46DA-AF60-7DC77AC4A4F9} = {0866C869-FC05-459A-8200-E80F3F55FC61}
		{580CC894-AF15-496D-B297-5458B90A522B} = {0866C869-FC05-459A-8200-E80F3F55FC61}
		{563C516E-44A5-4E5E-9991-00F7C9A0F93E} = {0866C869-FC05-459A-8200-E80F3F55FC61}
		{E1EC782E-2699-4C50-AC60-E0B1AD96EE0F} = {B805F216-08A4-42C2-8250-3D2919997EE6}
		{0A812405-8310-4559-8E9A-357DD60B5C9D} = {B805F216-08A4-42C2-8250-3D2919997EE6}
		{DB489F02-CFC2-4916-BA05-FA09A9BD3858} = {B805F216-08A4-42C2-8250-3D2919997EE6}
		{FADF591E-5D48-425E-BAD5-CFFB2211E0E1} = {F90C6775-5D08-49A8-BEB5-E43ED28F88D7}
		{1131B30C-04B6-49E8-B179-80BEE7F7D098} = {F90C6775-5D08-49A8-BEB5-E43ED28F88D7}
		{50A17948-A4D8-4FC6-A6CD-576F43A1C981} = {F90C6775-5D08-49A8-BEB5-E43ED28F88D7}
		{B8CC5474-6EA7-4FFF-A442-C6A09960F10A} = {A2186CA9-2515-466F-B7ED-791B737A30F0}
		{DA0900CF-35A2-4CBF-A35B-C4523D31EC0F} = {A2186CA9-2515-466F-B7ED-791B737A30F0}
		{5AAB16A6-A5F2-490B-A1F2-F2D5E8F25BD3} = {A2186CA9-2515-466F-B7ED-791B737A30F0}
		{7D0F3DF3-924E-433B-BD09-55BC4DF7E35A} = {160169C4-AF0A-4A53-A0F6-B4A2E541D65F}
		{2B86E18F-5A35-4967-BEE7-2FB6C157552C} = {160169C4-AF0A-4A53-A0F6-B4A2E541D65F}
		{30EF192B-B08A-43D9-99F4-DAA9536D469D} = {160169C4-AF0A-4A53-A0F6-B4A2E541D65F}
		{12105256-91F6-42BE-A3AA-ABF3DABF4C4A} = {8DCBD984-724E-4AD2-9CCB-32F87B65BFCA}
		{80479D60-009F-4A10-BCA9-9D36A56C7FEB} = {8DCBD984-724E-4AD2-9CCB-32F87B65BFCA}
		{B139F54E-3D76-4B21-84A6-EAC27593B9B0} = {8DCBD984-724E-4AD2-9CCB-32F87B65BFCA}
		{DC2EAF8B-04DA-4A8E-81D7-BCB2C650F513} = {1030E44A-0BD7-4819-8658-0B56E2A23BEA}
		{8F6E0F3E-6514-4625-84FF-038A9E128E16} = {1030E44A-0BD7-4819-8658-0B56E2A23BEA}
		{9B5A7726-3E87-4645-BF14-E6ABDA5A3106} = {1030E44A-0BD7-4819-8658-0B56E2A23BEA}
		{70102564-FD24-4B83-B15B-B4FDFA74230B} = {41FB5285-E4F1-4989-B182-89B13F605EA2}
		{84D1CCDA-3E49-4983-8E94-3C628205F907} = {41FB5285-E4F1-4989-B182-89B13F605EA2}
		{E55C5066-ADDC-41EC-B237-85E2FBD8B5D7} = {41FB5285-E4F1-4989-B182-89B13F605EA2}
	EndGlobalSection
	GlobalSection(ExtensibilityGlobals) = postSolution
		SolutionGuid = {A43869C9-86B8-458C-9FE5-82CD0FA8303B}
	EndGlobalSection
EndGlobal
